
Microsoft Visual Studio Solution File, Format Version 12.00
# Visual Studio 2013
VisualStudioVersion = 12.0.30723.0
MinimumVisualStudioVersion = 10.0.40219.1
Project("{FAE04EC0-301F-11D3-BF4B-00C04F79EFBC}") = "SDS.Clould.WebAPI", "SDS.Clould.WebAPI\SDS.Clould.WebAPI.csproj", "{A55E19EA-CF98-486A-9A80-4890BD29DEB0}"
EndProject
Project("{FAE04EC0-301F-11D3-BF4B-00C04F79EFBC}") = "SDS.Clould.Data", "SDS.Clould.Data\SDS.Clould.Data.csproj", "{9D18FE3F-34EE-4F1D-AE1B-DE3350FEADDC}"
EndProject
Project("{FAE04EC0-301F-11D3-BF4B-00C04F79EFBC}") = "SDS.Clould.Models", "SDS.Clould.Models\SDS.Clould.Models.csproj", "{1810B3D1-9E95-4F00-96DE-B680AF064F70}"
EndProject
Global
	GlobalSection(SolutionConfigurationPlatforms) = preSolution
		Debug|Any CPU = Debug|Any CPU
		Release|Any CPU = Release|Any CPU
	EndGlobalSection
	GlobalSection(ProjectConfigurationPlatforms) = postSolution
		{A55E19EA-CF98-486A-9A80-4890BD29DEB0}.Debug|Any CPU.ActiveCfg = Debug|Any CPU
		{A55E19EA-CF98-486A-9A80-4890BD29DEB0}.Debug|Any CPU.Build.0 = Debug|Any CPU
		{A55E19EA-CF98-486A-9A80-4890BD29DEB0}.Release|Any CPU.ActiveCfg = Release|Any CPU
		{A55E19EA-CF98-486A-9A80-4890BD29DEB0}.Release|Any CPU.Build.0 = Release|Any CPU
		{9D18FE3F-34EE-4F1D-AE1B-DE3350FEADDC}.Debug|Any CPU.ActiveCfg = Debug|Any CPU
		{9D18FE3F-34EE-4F1D-AE1B-DE3350FEADDC}.Debug|Any CPU.Build.0 = Debug|Any CPU
		{9D18FE3F-34EE-4F1D-AE1B-DE3350FEADDC}.Release|Any CPU.ActiveCfg = Release|Any CPU
		{9D18FE3F-34EE-4F1D-AE1B-DE3350FEADDC}.Release|Any CPU.Build.0 = Release|Any CPU
		{1810B3D1-9E95-4F00-96DE-B680AF064F70}.Debug|Any CPU.ActiveCfg = Debug|Any CPU
		{1810B3D1-9E95-4F00-96DE-B680AF064F70}.Debug|Any CPU.Build.0 = Debug|Any CPU
		{1810B3D1-9E95-4F00-96DE-B680AF064F70}.Release|Any CPU.ActiveCfg = Release|Any CPU
		{1810B3D1-9E95-4F00-96DE-B680AF064F70}.Release|Any CPU.Build.0 = Release|Any CPU
	EndGlobalSection
	GlobalSection(SolutionProperties) = preSolution
		HideSolutionNode = FALSE
	EndGlobalSection
EndGlobal
